// !$*UTF8*$!
{
	archiveVersion = 1;
	classes = {
	};
	objectVersion = 56;
	objects = {

/* Begin PBXBuildFile section */
		BD149A712C46C81F002C65FB /* HaclyonHabitsFinalApp.swift in Sources */ = {isa = PBXBuildFile; fileRef = BD149A702C46C81F002C65FB /* HaclyonHabitsFinalApp.swift */; };
		BD149A732C46C81F002C65FB /* ContentView.swift in Sources */ = {isa = PBXBuildFile; fileRef = BD149A722C46C81F002C65FB /* ContentView.swift */; };
		BD149A752C46C821002C65FB /* Assets.xcassets in Resources */ = {isa = PBXBuildFile; fileRef = BD149A742C46C821002C65FB /* Assets.xcassets */; };
		BD149A782C46C821002C65FB /* Preview Assets.xcassets in Resources */ = {isa = PBXBuildFile; fileRef = BD149A772C46C821002C65FB /* Preview Assets.xcassets */; };
		BD23F6422C48384B004A2F84 /* TodoPage.swift in Sources */ = {isa = PBXBuildFile; fileRef = BD23F6412C48384B004A2F84 /* TodoPage.swift */; };
		BD3F190D2C494FE100127DDD /* MeditationPage.swift in Sources */ = {isa = PBXBuildFile; fileRef = BD3F190C2C494FE100127DDD /* MeditationPage.swift */; };
		BD3F190F2C495DA200127DDD /* gamePage.swift in Sources */ = {isa = PBXBuildFile; fileRef = BD3F190E2C495DA200127DDD /* gamePage.swift */; };
		BD3F19112C495DCA00127DDD /* fitnessPage.swift in Sources */ = {isa = PBXBuildFile; fileRef = BD3F19102C495DCA00127DDD /* fitnessPage.swift */; };
		BD3F19132C495DE100127DDD /* beautyPage.swift in Sources */ = {isa = PBXBuildFile; fileRef = BD3F19122C495DE100127DDD /* beautyPage.swift */; };
		BD4D700A2C46EE84001AB2FF /* MainMenu.swift in Sources */ = {isa = PBXBuildFile; fileRef = BD4D70092C46EE84001AB2FF /* MainMenu.swift */; };
		BD4D700C2C480710001AB2FF /* JournalPage.swift in Sources */ = {isa = PBXBuildFile; fileRef = BD4D700B2C480710001AB2FF /* JournalPage.swift */; };
/* End PBXBuildFile section */

/* Begin PBXFileReference section */
		BD149A6D2C46C81F002C65FB /* HaclyonHabitsFinal.app */ = {isa = PBXFileReference; explicitFileType = wrapper.application; includeInIndex = 0; path = HaclyonHabitsFinal.app; sourceTree = BUILT_PRODUCTS_DIR; };
		BD149A702C46C81F002C65FB /* HaclyonHabitsFinalApp.swift */ = {isa = PBXFileReference; lastKnownFileType = sourcecode.swift; path = HaclyonHabitsFinalApp.swift; sourceTree = "<group>"; };
		BD149A722C46C81F002C65FB /* ContentView.swift */ = {isa = PBXFileReference; lastKnownFileType = sourcecode.swift; path = ContentView.swift; sourceTree = "<group>"; };
		BD149A742C46C821002C65FB /* Assets.xcassets */ = {isa = PBXFileReference; lastKnownFileType = folder.assetcatalog; path = Assets.xcassets; sourceTree = "<group>"; };
		BD149A772C46C821002C65FB /* Preview Assets.xcassets */ = {isa = PBXFileReference; lastKnownFileType = folder.assetcatalog; path = "Preview Assets.xcassets"; sourceTree = "<group>"; };
		BD23F6412C48384B004A2F84 /* TodoPage.swift */ = {isa = PBXFileReference; lastKnownFileType = sourcecode.swift; path = TodoPage.swift; sourceTree = "<group>"; };
		BD3F190C2C494FE100127DDD /* MeditationPage.swift */ = {isa = PBXFileReference; lastKnownFileType = sourcecode.swift; path = MeditationPage.swift; sourceTree = "<group>"; };
		BD3F190E2C495DA200127DDD /* gamePage.swift */ = {isa = PBXFileReference; lastKnownFileType = sourcecode.swift; path = gamePage.swift; sourceTree = "<group>"; };
		BD3F19102C495DCA00127DDD /* fitnessPage.swift */ = {isa = PBXFileReference; lastKnownFileType = sourcecode.swift; path = fitnessPage.swift; sourceTree = "<group>"; };
		BD3F19122C495DE100127DDD /* beautyPage.swift */ = {isa = PBXFileReference; lastKnownFileType = sourcecode.swift; path = beautyPage.swift; sourceTree = "<group>"; };
		BD4D70092C46EE84001AB2FF /* MainMenu.swift */ = {isa = PBXFileReference; lastKnownFileType = sourcecode.swift; path = MainMenu.swift; sourceTree = "<group>"; };
		BD4D700B2C480710001AB2FF /* JournalPage.swift */ = {isa = PBXFileReference; lastKnownFileType = sourcecode.swift; path = JournalPage.swift; sourceTree = "<group>"; };
/* End PBXFileReference section */

/* Begin PBXFrameworksBuildPhase section */
		BD149A6A2C46C81F002C65FB /* Frameworks */ = {
			isa = PBXFrameworksBuildPhase;
			buildActionMask = 2147483647;
			files = (
			);
			runOnlyForDeploymentPostprocessing = 0;
		};
/* End PBXFrameworksBuildPhase section */

/* Begin PBXGroup section */
		BD149A642C46C81F002C65FB = {
			isa = PBXGroup;
			children = (
				BD149A6F2C46C81F002C65FB /* HaclyonHabitsFinal */,
				BD149A6E2C46C81F002C65FB /* Products */,
			);
			sourceTree = "<group>";
		};
		BD149A6E2C46C81F002C65FB /* Products */ = {
			isa = PBXGroup;
			children = (
				BD149A6D2C46C81F002C65FB /* HaclyonHabitsFinal.app */,
			);
			name = Products;
			sourceTree = "<group>";
		};
		BD149A6F2C46C81F002C65FB /* HaclyonHabitsFinal */ = {
			isa = PBXGroup;
			children = (
				BD149A702C46C81F002C65FB /* HaclyonHabitsFinalApp.swift */,
				BD149A722C46C81F002C65FB /* ContentView.swift */,
				BD4D70092C46EE84001AB2FF /* MainMenu.swift */,
				BD3F190E2C495DA200127DDD /* gamePage.swift */,
				BD3F19102C495DCA00127DDD /* fitnessPage.swift */,
				BD3F19122C495DE100127DDD /* beautyPage.swift */,
				BD3F190C2C494FE100127DDD /* MeditationPage.swift */,
				BD23F6412C48384B004A2F84 /* TodoPage.swift */,
				BD4D700B2C480710001AB2FF /* JournalPage.swift */,
				BD149A742C46C821002C65FB /* Assets.xcassets */,
				BD149A762C46C821002C65FB /* Preview Content */,
			);
			path = HaclyonHabitsFinal;
			sourceTree = "<group>";
		};
		BD149A762C46C821002C65FB /* Preview Content */ = {
			isa = PBXGroup;
			children = (
				BD149A772C46C821002C65FB /* Preview Assets.xcassets */,
			);
			path = "Preview Content";
			sourceTree = "<group>";
		};
/* End PBXGroup section */

/* Begin PBXNativeTarget section */
		BD149A6C2C46C81F002C65FB /* HaclyonHabitsFinal */ = {
			isa = PBXNativeTarget;
			buildConfigurationList = BD149A7B2C46C821002C65FB /* Build configuration list for PBXNativeTarget "HaclyonHabitsFinal" */;
			buildPhases = (
				BD149A692C46C81F002C65FB /* Sources */,
				BD149A6A2C46C81F002C65FB /* Frameworks */,
				BD149A6B2C46C81F002C65FB /* Resources */,
			);
			buildRules = (
			);
			dependencies = (
			);
			name = HaclyonHabitsFinal;
			productName = HaclyonHabitsFinal;
			productReference = BD149A6D2C46C81F002C65FB /* HaclyonHabitsFinal.app */;
			productType = "com.apple.product-type.application";
		};
/* End PBXNativeTarget section */

/* Begin PBXProject section */
		BD149A652C46C81F002C65FB /* Project object */ = {
			isa = PBXProject;
			attributes = {
				BuildIndependentTargetsInParallel = 1;
				LastSwiftUpdateCheck = 1540;
				LastUpgradeCheck = 1540;
				TargetAttributes = {
					BD149A6C2C46C81F002C65FB = {
						CreatedOnToolsVersion = 15.4;
					};
				};
			};
			buildConfigurationList = BD149A682C46C81F002C65FB /* Build configuration list for PBXProject "HaclyonHabitsFinal" */;
			compatibilityVersion = "Xcode 14.0";
			developmentRegion = en;
			hasScannedForEncodings = 0;
			knownRegions = (
				en,
				Base,
			);
			mainGroup = BD149A642C46C81F002C65FB;
			productRefGroup = BD149A6E2C46C81F002C65FB /* Products */;
			projectDirPath = "";
			projectRoot = "";
			targets = (
				BD149A6C2C46C81F002C65FB /* HaclyonHabitsFinal */,
			);
		};
/* End PBXProject section */

/* Begin PBXResourcesBuildPhase section */
		BD149A6B2C46C81F002C65FB /* Resources */ = {
			isa = PBXResourcesBuildPhase;
			buildActionMask = 2147483647;
			files = (
				BD149A782C46C821002C65FB /* Preview Assets.xcassets in Resources */,
				BD149A752C46C821002C65FB /* Assets.xcassets in Resources */,
			);
			runOnlyForDeploymentPostprocessing = 0;
		};
/* End PBXResourcesBuildPhase section */

/* Begin PBXSourcesBuildPhase section */
		BD149A692C46C81F002C65FB /* Sources */ = {
			isa = PBXSourcesBuildPhase;
			buildActionMask = 2147483647;
			files = (
				BD3F190D2C494FE100127DDD /* MeditationPage.swift in Sources */,
				BD4D700C2C480710001AB2FF /* JournalPage.swift in Sources */,
				BD149A732C46C81F002C65FB /* ContentView.swift in Sources */,
				BD4D700A2C46EE84001AB2FF /* MainMenu.swift in Sources */,
				BD3F190F2C495DA200127DDD /* gamePage.swift in Sources */,
				BD3F19132C495DE100127DDD /* beautyPage.swift in Sources */,
				BD3F19112C495DCA00127DDD /* fitnessPage.swift in Sources */,
				BD149A712C46C81F002C65FB /* HaclyonHabitsFinalApp.swift in Sources */,
				BD23F6422C48384B004A2F84 /* TodoPage.swift in Sources */,
			);
			runOnlyForDeploymentPostprocessing = 0;
		};
/* End PBXSourcesBuildPhase section */

/* Begin XCBuildConfiguration section */
		BD149A792C46C821002C65FB /* Debug */ = {
			isa = XCBuildConfiguration;
			buildSettings = {
				ALWAYS_SEARCH_USER_PATHS = NO;
				ASSETCATALOG_COMPILER_GENERATE_SWIFT_ASSET_SYMBOL_EXTENSIONS = YES;
				CLANG_ANALYZER_NONNULL = YES;
				CLANG_ANALYZER_NUMBER_OBJECT_CONVERSION = YES_AGGRESSIVE;
				CLANG_CXX_LANGUAGE_STANDARD = "gnu++20";
				CLANG_ENABLE_MODULES = YES;
				CLANG_ENABLE_OBJC_ARC = YES;
				CLANG_ENABLE_OBJC_WEAK = YES;
				CLANG_WARN_BLOCK_CAPTURE_AUTORELEASING = YES;
				CLANG_WARN_BOOL_CONVERSION = YES;
				CLANG_WARN_COMMA = YES;
				CLANG_WARN_CONSTANT_CONVERSION = YES;
				CLANG_WARN_DEPRECATED_OBJC_IMPLEMENTATIONS = YES;
				CLANG_WARN_DIRECT_OBJC_ISA_USAGE = YES_ERROR;
				CLANG_WARN_DOCUMENTATION_COMMENTS = YES;
				CLANG_WARN_EMPTY_BODY = YES;
				CLANG_WARN_ENUM_CONVERSION = YES;
				CLANG_WARN_INFINITE_RECURSION = YES;
				CLANG_WARN_INT_CONVERSION = YES;
				CLANG_WARN_NON_LITERAL_NULL_CONVERSION = YES;
				CLANG_WARN_OBJC_IMPLICIT_RETAIN_SELF = YES;
				CLANG_WARN_OBJC_LITERAL_CONVERSION = YES;
				CLANG_WARN_OBJC_ROOT_CLASS = YES_ERROR;
				CLANG_WARN_QUOTED_INCLUDE_IN_FRAMEWORK_HEADER = YES;
				CLANG_WARN_RANGE_LOOP_ANALYSIS = YES;
				CLANG_WARN_STRICT_PROTOTYPES = YES;
				CLANG_WARN_SUSPICIOUS_MOVE = YES;
				CLANG_WARN_UNGUARDED_AVAILABILITY = YES_AGGRESSIVE;
				CLANG_WARN_UNREACHABLE_CODE = YES;
				CLANG_WARN__DUPLICATE_METHOD_MATCH = YES;
				COPY_PHASE_STRIP = NO;
				DEBUG_INFORMATION_FORMAT = dwarf;
				ENABLE_STRICT_OBJC_MSGSEND = YES;
				ENABLE_TESTABILITY = YES;
				ENABLE_USER_SCRIPT_SANDBOXING = YES;
				GCC_C_LANGUAGE_STANDARD = gnu17;
				GCC_DYNAMIC_NO_PIC = NO;
				GCC_NO_COMMON_BLOCKS = YES;
				GCC_OPTIMIZATION_LEVEL = 0;
				GCC_PREPROCESSOR_DEFINITIONS = (
					"DEBUG=1",
					"$(inherited)",
				);
				GCC_WARN_64_TO_32_BIT_CONVERSION = YES;
				GCC_WARN_ABOUT_RETURN_TYPE = YES_ERROR;
				GCC_WARN_UNDECLARED_SELECTOR = YES;
				GCC_WARN_UNINITIALIZED_AUTOS = YES_AGGRESSIVE;
				GCC_WARN_UNUSED_FUNCTION = YES;
				GCC_WARN_UNUSED_VARIABLE = YES;
				IPHONEOS_DEPLOYMENT_TARGET = 17.5;
				LOCALIZATION_PREFERS_STRING_CATALOGS = YES;
				MTL_ENABLE_DEBUG_INFO = INCLUDE_SOURCE;
				MTL_FAST_MATH = YES;
				ONLY_ACTIVE_ARCH = YES;
				SDKROOT = iphoneos;
				SWIFT_ACTIVE_COMPILATION_CONDITIONS = "DEBUG $(inherited)";
				SWIFT_OPTIMIZATION_LEVEL = "-Onone";
			};
			name = Debug;
		};
		BD149A7A2C46C821002C65FB /* Release */ = {
			isa = XCBuildConfiguration;
			buildSettings = {
				ALWAYS_SEARCH_USER_PATHS = NO;
				ASSETCATALOG_COMPILER_GENERATE_SWIFT_ASSET_SYMBOL_EXTENSIONS = YES;
				CLANG_ANALYZER_NONNULL = YES;
				CLANG_ANALYZER_NUMBER_OBJECT_CONVERSION = YES_AGGRESSIVE;
				CLANG_CXX_LANGUAGE_STANDARD = "gnu++20";
				CLANG_ENABLE_MODULES = YES;
				CLANG_ENABLE_OBJC_ARC = YES;
				CLANG_ENABLE_OBJC_WEAK = YES;
				CLANG_WARN_BLOCK_CAPTURE_AUTORELEASING = YES;
				CLANG_WARN_BOOL_CONVERSION = YES;
				CLANG_WARN_COMMA = YES;
				CLANG_WARN_CONSTANT_CONVERSION = YES;
				CLANG_WARN_DEPRECATED_OBJC_IMPLEMENTATIONS = YES;
				CLANG_WARN_DIRECT_OBJC_ISA_USAGE = YES_ERROR;
				CLANG_WARN_DOCUMENTATION_COMMENTS = YES;
				CLANG_WARN_EMPTY_BODY = YES;
				CLANG_WARN_ENUM_CONVERSION = YES;
				CLANG_WARN_INFINITE_RECURSION = YES;
				CLANG_WARN_INT_CONVERSION = YES;
				CLANG_WARN_NON_LITERAL_NULL_CONVERSION = YES;
				CLANG_WARN_OBJC_IMPLICIT_RETAIN_SELF = YES;
				CLANG_WARN_OBJC_LITERAL_CONVERSION = YES;
				CLANG_WARN_OBJC_ROOT_CLASS = YES_ERROR;
				CLANG_WARN_QUOTED_INCLUDE_IN_FRAMEWORK_HEADER = YES;
				CLANG_WARN_RANGE_LOOP_ANALYSIS = YES;
				CLANG_WARN_STRICT_PROTOTYPES = YES;
				CLANG_WARN_SUSPICIOUS_MOVE = YES;
				CLANG_WARN_UNGUARDED_AVAILABILITY = YES_AGGRESSIVE;
				CLANG_WARN_UNREACHABLE_CODE = YES;
				CLANG_WARN__DUPLICATE_METHOD_MATCH = YES;
				COPY_PHASE_STRIP = NO;
				DEBUG_INFORMATION_FORMAT = "dwarf-with-dsym";
				ENABLE_NS_ASSERTIONS = NO;
				ENABLE_STRICT_OBJC_MSGSEND = YES;
				ENABLE_USER_SCRIPT_SANDBOXING = YES;
				GCC_C_LANGUAGE_STANDARD = gnu17;
				GCC_NO_COMMON_BLOCKS = YES;
				GCC_WARN_64_TO_32_BIT_CONVERSION = YES;
				GCC_WARN_ABOUT_RETURN_TYPE = YES_ERROR;
				GCC_WARN_UNDECLARED_SELECTOR = YES;
				GCC_WARN_UNINITIALIZED_AUTOS = YES_AGGRESSIVE;
				GCC_WARN_UNUSED_FUNCTION = YES;
				GCC_WARN_UNUSED_VARIABLE = YES;
				IPHONEOS_DEPLOYMENT_TARGET = 17.5;
				LOCALIZATION_PREFERS_STRING_CATALOGS = YES;
				MTL_ENABLE_DEBUG_INFO = NO;
				MTL_FAST_MATH = YES;
				SDKROOT = iphoneos;
				SWIFT_COMPILATION_MODE = wholemodule;
				VALIDATE_PRODUCT = YES;
			};
			name = Release;
		};
		BD149A7C2C46C821002C65FB /* Debug */ = {
			isa = XCBuildConfiguration;
			buildSettings = {
				ASSETCATALOG_COMPILER_APPICON_NAME = AppIcon;
				ASSETCATALOG_COMPILER_GLOBAL_ACCENT_COLOR_NAME = AccentColor;
				CODE_SIGN_STYLE = Automatic;
				CURRENT_PROJECT_VERSION = 1;
				DEVELOPMENT_ASSET_PATHS = "\"HaclyonHabitsFinal/Preview Content\"";
				ENABLE_PREVIEWS = YES;
				GENERATE_INFOPLIST_FILE = YES;
				INFOPLIST_KEY_UIApplicationSceneManifest_Generation = YES;
				INFOPLIST_KEY_UIApplicationSupportsIndirectInputEvents = YES;
				INFOPLIST_KEY_UILaunchScreen_Generation = YES;
				INFOPLIST_KEY_UISupportedInterfaceOrientations_iPad = "UIInterfaceOrientationPortrait UIInterfaceOrientationPortraitUpsideDown UIInterfaceOrientationLandscapeLeft UIInterfaceOrientationLandscapeRight";
				INFOPLIST_KEY_UISupportedInterfaceOrientations_iPhone = "UIInterfaceOrientationPortrait UIInterfaceOrientationLandscapeLeft UIInterfaceOrientationLandscapeRight";
				LD_RUNPATH_SEARCH_PATHS = (
					"$(inherited)",
					"@executable_path/Frameworks",
				);
				MARKETING_VERSION = 1.0;
				PRODUCT_BUNDLE_IDENTIFIER = KWK.HaclyonHabitsFinal;
				PRODUCT_NAME = "$(TARGET_NAME)";
				SWIFT_EMIT_LOC_STRINGS = YES;
				SWIFT_VERSION = 5.0;
				TARGETED_DEVICE_FAMILY = "1,2";
			};
			name = Debug;
		};
		BD149A7D2C46C821002C65FB /* Release */ = {
			isa = XCBuildConfiguration;
			buildSettings = {
				ASSETCATALOG_COMPILER_APPICON_NAME = AppIcon;
				ASSETCATALOG_COMPILER_GLOBAL_ACCENT_COLOR_NAME = AccentColor;
				CODE_SIGN_STYLE = Automatic;
				CURRENT_PROJECT_VERSION = 1;
				DEVELOPMENT_ASSET_PATHS = "\"HaclyonHabitsFinal/Preview Content\"";
				ENABLE_PREVIEWS = YES;
				GENERATE_INFOPLIST_FILE = YES;
				INFOPLIST_KEY_UIApplicationSceneManifest_Generation = YES;
				INFOPLIST_KEY_UIApplicationSupportsIndirectInputEvents = YES;
				INFOPLIST_KEY_UILaunchScreen_Generation = YES;
				INFOPLIST_KEY_UISupportedInterfaceOrientations_iPad = "UIInterfaceOrientationPortrait UIInterfaceOrientationPortraitUpsideDown UIInterfaceOrientationLandscapeLeft UIInterfaceOrientationLandscapeRight";
				INFOPLIST_KEY_UISupportedInterfaceOrientations_iPhone = "UIInterfaceOrientationPortrait UIInterfaceOrientationLandscapeLeft UIInterfaceOrientationLandscapeRight";
				LD_RUNPATH_SEARCH_PATHS = (
					"$(inherited)",
					"@executable_path/Frameworks",
				);
				MARKETING_VERSION = 1.0;
				PRODUCT_BUNDLE_IDENTIFIER = KWK.HaclyonHabitsFinal;
				PRODUCT_NAME = "$(TARGET_NAME)";
				SWIFT_EMIT_LOC_STRINGS = YES;
				SWIFT_VERSION = 5.0;
				TARGETED_DEVICE_FAMILY = "1,2";
			};
			name = Release;
		};
/* End XCBuildConfiguration section */

/* Begin XCConfigurationList section */
		BD149A682C46C81F002C65FB /* Build configuration list for PBXProject "HaclyonHabitsFinal" */ = {
			isa = XCConfigurationList;
			buildConfigurations = (
				BD149A792C46C821002C65FB /* Debug */,
				BD149A7A2C46C821002C65FB /* Release */,
			);
			defaultConfigurationIsVisible = 0;
			defaultConfigurationName = Release;
		};
		BD149A7B2C46C821002C65FB /* Build configuration list for PBXNativeTarget "HaclyonHabitsFinal" */ = {
			isa = XCConfigurationList;
			buildConfigurations = (
				BD149A7C2C46C821002C65FB /* Debug */,
				BD149A7D2C46C821002C65FB /* Release */,
			);
			defaultConfigurationIsVisible = 0;
			defaultConfigurationName = Release;
		};
/* End XCConfigurationList section */
	};
	rootObject = BD149A652C46C81F002C65FB /* Project object */;
}
